
Microsoft Visual Studio Solution File, Format Version 12.00
# Visual Studio Version 17
VisualStudioVersion = 17.7.34024.191
MinimumVisualStudioVersion = 10.0.40219.1
Project("{8BC9CEB8-8B4A-11D0-8D11-00A0C91BC942}") = "task1", "task1\task1.vcxproj", "{47863D76-CED5-4C7C-BA42-2110B3225DA3}"
EndProject
Project("{8BC9CEB8-8B4A-11D0-8D11-00A0C91BC942}") = "task2", "task2\task2.vcxproj", "{D029D546-0555-40FE-95F4-6F49CA8FDD19}"
EndProject
Project("{8BC9CEB8-8B4A-11D0-8D11-00A0C91BC942}") = "task3", "task3\task3.vcxproj", "{DC2F2C99-5828-40A1-83F0-B0E1BB697B69}"
EndProject
Project("{8BC9CEB8-8B4A-11D0-8D11-00A0C91BC942}") = "task4", "task4\task4.vcxproj", "{B1CA6FAE-14E4-49DC-9FCB-A715299A74BC}"
EndProject
Project("{8BC9CEB8-8B4A-11D0-8D11-00A0C91BC942}") = "task5", "task5\task5.vcxproj", "{1EA1A625-F252-4EC3-AE17-3B80D2BE3BE3}"
EndProject
Project("{8BC9CEB8-8B4A-11D0-8D11-00A0C91BC942}") = "task6", "task6\task6.vcxproj", "{01AAE9AD-74E1-45E0-A101-97D7C82AFD1F}"
EndProject
Project("{8BC9CEB8-8B4A-11D0-8D11-00A0C91BC942}") = "task7", "task7\task7.vcxproj", "{84664E91-8519-4BDF-B8D3-B5DC24B2C526}"
EndProject
Project("{8BC9CEB8-8B4A-11D0-8D11-00A0C91BC942}") = "Project1", "Project1\Project1.vcxproj", "{38080237-F1A2-45D2-9EBB-F671645E94BA}"
EndProject
Project("{8BC9CEB8-8B4A-11D0-8D11-00A0C91BC942}") = "task8", "task8\task8.vcxproj", "{1899DAE2-C3C4-43E7-BF9E-FCEE0A1C3F73}"
EndProject
Project("{8BC9CEB8-8B4A-11D0-8D11-00A0C91BC942}") = "task10", "task10\task10.vcxproj", "{C6DB20C2-0C7A-40B5-8EA3-E218A82104A9}"
EndProject
Project("{8BC9CEB8-8B4A-11D0-8D11-00A0C91BC942}") = "task9", "task9\task9.vcxproj", "{10750A93-0DBE-4382-A16D-04FF7B409F3E}"
EndProject
Global
	GlobalSection(SolutionConfigurationPlatforms) = preSolution
		Debug|x64 = Debug|x64
		Debug|x86 = Debug|x86
		Release|x64 = Release|x64
		Release|x86 = Release|x86
	EndGlobalSection
	GlobalSection(ProjectConfigurationPlatforms) = postSolution
		{47863D76-CED5-4C7C-BA42-2110B3225DA3}.Debug|x64.ActiveCfg = Debug|x64
		{47863D76-CED5-4C7C-BA42-2110B3225DA3}.Debug|x64.Build.0 = Debug|x64
		{47863D76-CED5-4C7C-BA42-2110B3225DA3}.Debug|x86.ActiveCfg = Debug|Win32
		{47863D76-CED5-4C7C-BA42-2110B3225DA3}.Debug|x86.Build.0 = Debug|Win32
		{47863D76-CED5-4C7C-BA42-2110B3225DA3}.Release|x64.ActiveCfg = Release|x64
		{47863D76-CED5-4C7C-BA42-2110B3225DA3}.Release|x64.Build.0 = Release|x64
		{47863D76-CED5-4C7C-BA42-2110B3225DA3}.Release|x86.ActiveCfg = Release|Win32
		{47863D76-CED5-4C7C-BA42-2110B3225DA3}.Release|x86.Build.0 = Release|Win32
		{D029D546-0555-40FE-95F4-6F49CA8FDD19}.Debug|x64.ActiveCfg = Debug|x64
		{D029D546-0555-40FE-95F4-6F49CA8FDD19}.Debug|x64.Build.0 = Debug|x64
		{D029D546-0555-40FE-95F4-6F49CA8FDD19}.Debug|x86.ActiveCfg = Debug|Win32
		{D029D546-0555-40FE-95F4-6F49CA8FDD19}.Debug|x86.Build.0 = Debug|Win32
		{D029D546-0555-40FE-95F4-6F49CA8FDD19}.Release|x64.ActiveCfg = Release|x64
		{D029D546-0555-40FE-95F4-6F49CA8FDD19}.Release|x64.Build.0 = Release|x64
		{D029D546-0555-40FE-95F4-6F49CA8FDD19}.Release|x86.ActiveCfg = Release|Win32
		{D029D546-0555-40FE-95F4-6F49CA8FDD19}.Release|x86.Build.0 = Release|Win32
		{DC2F2C99-5828-40A1-83F0-B0E1BB697B69}.Debug|x64.ActiveCfg = Debug|x64
		{DC2F2C99-5828-40A1-83F0-B0E1BB697B69}.Debug|x64.Build.0 = Debug|x64
		{DC2F2C99-5828-40A1-83F0-B0E1BB697B69}.Debug|x86.ActiveCfg = Debug|Win32
		{DC2F2C99-5828-40A1-83F0-B0E1BB697B69}.Debug|x86.Build.0 = Debug|Win32
		{DC2F2C99-5828-40A1-83F0-B0E1BB697B69}.Release|x64.ActiveCfg = Release|x64
		{DC2F2C99-5828-40A1-83F0-B0E1BB697B69}.Release|x64.Build.0 = Release|x64
		{DC2F2C99-5828-40A1-83F0-B0E1BB697B69}.Release|x86.ActiveCfg = Release|Win32
		{DC2F2C99-5828-40A1-83F0-B0E1BB697B69}.Release|x86.Build.0 = Release|Win32
		{B1CA6FAE-14E4-49DC-9FCB-A715299A74BC}.Debug|x64.ActiveCfg = Debug|x64
		{B1CA6FAE-14E4-49DC-9FCB-A715299A74BC}.Debug|x64.Build.0 = Debug|x64
		{B1CA6FAE-14E4-49DC-9FCB-A715299A74BC}.Debug|x86.ActiveCfg = Debug|Win32
		{B1CA6FAE-14E4-49DC-9FCB-A715299A74BC}.Debug|x86.Build.0 = Debug|Win32
		{B1CA6FAE-14E4-49DC-9FCB-A715299A74BC}.Release|x64.ActiveCfg = Release|x64
		{B1CA6FAE-14E4-49DC-9FCB-A715299A74BC}.Release|x64.Build.0 = Release|x64
		{B1CA6FAE-14E4-49DC-9FCB-A715299A74BC}.Release|x86.ActiveCfg = Release|Win32
		{B1CA6FAE-14E4-49DC-9FCB-A715299A74BC}.Release|x86.Build.0 = Release|Win32
		{1EA1A625-F252-4EC3-AE17-3B80D2BE3BE3}.Debug|x64.ActiveCfg = Debug|x64
		{1EA1A625-F252-4EC3-AE17-3B80D2BE3BE3}.Debug|x64.Build.0 = Debug|x64
		{1EA1A625-F252-4EC3-AE17-3B80D2BE3BE3}.Debug|x86.ActiveCfg = Debug|Win32
		{1EA1A625-F252-4EC3-AE17-3B80D2BE3BE3}.Debug|x86.Build.0 = Debug|Win32
		{1EA1A625-F252-4EC3-AE17-3B80D2BE3BE3}.Release|x64.ActiveCfg = Release|x64
		{1EA1A625-F252-4EC3-AE17-3B80D2BE3BE3}.Release|x64.Build.0 = Release|x64
		{1EA1A625-F252-4EC3-AE17-3B80D2BE3BE3}.Release|x86.ActiveCfg = Release|Win32
		{1EA1A625-F252-4EC3-AE17-3B80D2BE3BE3}.Release|x86.Build.0 = Release|Win32
		{01AAE9AD-74E1-45E0-A101-97D7C82AFD1F}.Debug|x64.ActiveCfg = Debug|x64
		{01AAE9AD-74E1-45E0-A101-97D7C82AFD1F}.Debug|x64.Build.0 = Debug|x64
		{01AAE9AD-74E1-45E0-A101-97D7C82AFD1F}.Debug|x86.ActiveCfg = Debug|Win32
		{01AAE9AD-74E1-45E0-A101-97D7C82AFD1F}.Debug|x86.Build.0 = Debug|Win32
		{01AAE9AD-74E1-45E0-A101-97D7C82AFD1F}.Release|x64.ActiveCfg = Release|x64
		{01AAE9AD-74E1-45E0-A101-97D7C82AFD1F}.Release|x64.Build.0 = Release|x64
		{01AAE9AD-74E1-45E0-A101-97D7C82AFD1F}.Release|x86.ActiveCfg = Release|Win32
		{01AAE9AD-74E1-45E0-A101-97D7C82AFD1F}.Release|x86.Build.0 = Release|Win32
		{84664E91-8519-4BDF-B8D3-B5DC24B2C526}.Debug|x64.ActiveCfg = Debug|x64
		{84664E91-8519-4BDF-B8D3-B5DC24B2C526}.Debug|x64.Build.0 = Debug|x64
		{84664E91-8519-4BDF-B8D3-B5DC24B2C526}.Debug|x86.ActiveCfg = Debug|Win32
		{84664E91-8519-4BDF-B8D3-B5DC24B2C526}.Debug|x86.Build.0 = Debug|Win32
		{84664E91-8519-4BDF-B8D3-B5DC24B2C526}.Release|x64.ActiveCfg = Release|x64
		{84664E91-8519-4BDF-B8D3-B5DC24B2C526}.Release|x64.Build.0 = Release|x64
		{84664E91-8519-4BDF-B8D3-B5DC24B2C526}.Release|x86.ActiveCfg = Release|Win32
		{84664E91-8519-4BDF-B8D3-B5DC24B2C526}.Release|x86.Build.0 = Release|Win32
		{38080237-F1A2-45D2-9EBB-F671645E94BA}.Debug|x64.ActiveCfg = Debug|x64
		{38080237-F1A2-45D2-9EBB-F671645E94BA}.Debug|x64.Build.0 = Debug|x64
		{38080237-F1A2-45D2-9EBB-F671645E94BA}.Debug|x86.ActiveCfg = Debug|Win32
		{38080237-F1A2-45D2-9EBB-F671645E94BA}.Debug|x86.Build.0 = Debug|Win32
		{38080237-F1A2-45D2-9EBB-F671645E94BA}.Release|x64.ActiveCfg = Release|x64
		{38080237-F1A2-45D2-9EBB-F671645E94BA}.Release|x64.Build.0 = Release|x64
		{38080237-F1A2-45D2-9EBB-F671645E94BA}.Release|x86.ActiveCfg = Release|Win32
		{38080237-F1A2-45D2-9EBB-F671645E94BA}.Release|x86.Build.0 = Release|Win32
		{1899DAE2-C3C4-43E7-BF9E-FCEE0A1C3F73}.Debug|x64.ActiveCfg = Debug|x64
		{1899DAE2-C3C4-43E7-BF9E-FCEE0A1C3F73}.Debug|x64.Build.0 = Debug|x64
		{1899DAE2-C3C4-43E7-BF9E-FCEE0A1C3F73}.Debug|x86.ActiveCfg = Debug|Win32
		{1899DAE2-C3C4-43E7-BF9E-FCEE0A1C3F73}.Debug|x86.Build.0 = Debug|Win32
		{1899DAE2-C3C4-43E7-BF9E-FCEE0A1C3F73}.Release|x64.ActiveCfg = Release|x64
		{1899DAE2-C3C4-43E7-BF9E-FCEE0A1C3F73}.Release|x64.Build.0 = Release|x64
		{1899DAE2-C3C4-43E7-BF9E-FCEE0A1C3F73}.Release|x86.ActiveCfg = Release|Win32
		{1899DAE2-C3C4-43E7-BF9E-FCEE0A1C3F73}.Release|x86.Build.0 = Release|Win32
		{C6DB20C2-0C7A-40B5-8EA3-E218A82104A9}.Debug|x64.ActiveCfg = Debug|x64
		{C6DB20C2-0C7A-40B5-8EA3-E218A82104A9}.Debug|x64.Build.0 = Debug|x64
		{C6DB20C2-0C7A-40B5-8EA3-E218A82104A9}.Debug|x86.ActiveCfg = Debug|Win32
		{C6DB20C2-0C7A-40B5-8EA3-E218A82104A9}.Debug|x86.Build.0 = Debug|Win32
		{C6DB20C2-0C7A-40B5-8EA3-E218A82104A9}.Release|x64.ActiveCfg = Release|x64
		{C6DB20C2-0C7A-40B5-8EA3-E218A82104A9}.Release|x64.Build.0 = Release|x64
		{C6DB20C2-0C7A-40B5-8EA3-E218A82104A9}.Release|x86.ActiveCfg = Release|Win32
		{C6DB20C2-0C7A-40B5-8EA3-E218A82104A9}.Release|x86.Build.0 = Release|Win32
		{10750A93-0DBE-4382-A16D-04FF7B409F3E}.Debug|x64.ActiveCfg = Debug|x64
		{10750A93-0DBE-4382-A16D-04FF7B409F3E}.Debug|x64.Build.0 = Debug|x64
		{10750A93-0DBE-4382-A16D-04FF7B409F3E}.Debug|x86.ActiveCfg = Debug|Win32
		{10750A93-0DBE-4382-A16D-04FF7B409F3E}.Debug|x86.Build.0 = Debug|Win32
		{10750A93-0DBE-4382-A16D-04FF7B409F3E}.Release|x64.ActiveCfg = Release|x64
		{10750A93-0DBE-4382-A16D-04FF7B409F3E}.Release|x64.Build.0 = Release|x64
		{10750A93-0DBE-4382-A16D-04FF7B409F3E}.Release|x86.ActiveCfg = Release|Win32
		{10750A93-0DBE-4382-A16D-04FF7B409F3E}.Release|x86.Build.0 = Release|Win32
	EndGlobalSection
	GlobalSection(SolutionProperties) = preSolution
		HideSolutionNode = FALSE
	EndGlobalSection
	GlobalSection(ExtensibilityGlobals) = postSolution
		SolutionGuid = {086D3946-6864-48EA-9F35-E0190C205E13}
	EndGlobalSection
EndGlobal
